
Microsoft Visual Studio Solution File, Format Version 12.00
# Visual Studio Version 17
VisualStudioVersion = 17.2.32526.322
MinimumVisualStudioVersion = 10.0.40219.1
Project("{FAE04EC0-301F-11D3-BF4B-00C04F79EFBC}") = "FoxitFormFields", "FoxitFormFields\FoxitFormFields.csproj", "{065CC011-4126-4FB7-8407-999380E54372}"
EndProject
Global
	GlobalSection(SolutionConfigurationPlatforms) = preSolution
		Debug|Any CPU = Debug|Any CPU
		Release|Any CPU = Release|Any CPU
	EndGlobalSection
	GlobalSection(ProjectConfigurationPlatforms) = postSolution
		{065CC011-4126-4FB7-8407-999380E54372}.Debug|Any CPU.ActiveCfg = Debug|Any CPU
		{065CC011-4126-4FB7-8407-999380E54372}.Debug|Any CPU.Build.0 = Debug|Any CPU
		{065CC011-4126-4FB7-8407-999380E54372}.Release|Any CPU.ActiveCfg = Release|Any CPU
		{065CC011-4126-4FB7-8407-999380E54372}.Release|Any CPU.Build.0 = Release|Any CPU
	EndGlobalSection
	GlobalSection(SolutionProperties) = preSolution
		HideSolutionNode = FALSE
	EndGlobalSection
	GlobalSection(ExtensibilityGlobals) = postSolution
		SolutionGuid = {994C743D-3882-44A6-9387-B621123C88CB}
	EndGlobalSection
EndGlobal
